// !$*UTF8*$!
{
	archiveVersion = 1;
	classes = {
	};
	objectVersion = 46;
	objects = {

/* Begin PBXBuildFile section */
		8E664D401541A66A0071EC42 /* LoginViewController_iPhone.xib in Resources */ = {isa = PBXBuildFile; fileRef = 8E664D3F1541A66A0071EC42 /* LoginViewController_iPhone.xib */; };
		8E664D421541A6770071EC42 /* LoginViewController_iPad.xib in Resources */ = {isa = PBXBuildFile; fileRef = 8E664D411541A6770071EC42 /* LoginViewController_iPad.xib */; };
		8E664D541541B0120071EC42 /* LoginViewController.m in Sources */ = {isa = PBXBuildFile; fileRef = 8E664D531541B0120071EC42 /* LoginViewController.m */; };
		8E664E111541FE490071EC42 /* .gitignore in Resources */ = {isa = PBXBuildFile; fileRef = 8E664DE61541FE490071EC42 /* .gitignore */; };
		8E664E121541FE490071EC42 /* NSMutableURLRequest+Parameters.m in Sources */ = {isa = PBXBuildFile; fileRef = 8E664DE91541FE490071EC42 /* NSMutableURLRequest+Parameters.m */; };
		8E664E131541FE490071EC42 /* NSString+URLEncoding.m in Sources */ = {isa = PBXBuildFile; fileRef = 8E664DEB1541FE490071EC42 /* NSString+URLEncoding.m */; };
		8E664E141541FE490071EC42 /* NSURL+Base.m in Sources */ = {isa = PBXBuildFile; fileRef = 8E664DED1541FE490071EC42 /* NSURL+Base.m */; };
		8E664E151541FE490071EC42 /* Base64Transcoder.c in Sources */ = {isa = PBXBuildFile; fileRef = 8E664DEF1541FE490071EC42 /* Base64Transcoder.c */; };
		8E664E161541FE490071EC42 /* hmac.c in Sources */ = {isa = PBXBuildFile; fileRef = 8E664DF11541FE490071EC42 /* hmac.c */; };
		8E664E171541FE490071EC42 /* sha1.c in Sources */ = {isa = PBXBuildFile; fileRef = 8E664DF31541FE490071EC42 /* sha1.c */; };
		8E664E181541FE490071EC42 /* OAAttachment.m in Sources */ = {isa = PBXBuildFile; fileRef = 8E664DF61541FE490071EC42 /* OAAttachment.m */; };
		8E664E191541FE490071EC42 /* OACall.m in Sources */ = {isa = PBXBuildFile; fileRef = 8E664DF81541FE490071EC42 /* OACall.m */; settings = {COMPILER_FLAGS = "-Wno-arc-performSelector-leaks"; }; };
		8E664E1A1541FE490071EC42 /* OAConsumer.m in Sources */ = {isa = PBXBuildFile; fileRef = 8E664DFA1541FE490071EC42 /* OAConsumer.m */; };
		8E664E1B1541FE490071EC42 /* OADataFetcher.m in Sources */ = {isa = PBXBuildFile; fileRef = 8E664DFC1541FE490071EC42 /* OADataFetcher.m */; settings = {COMPILER_FLAGS = "-Wno-arc-performSelector-leaks"; }; };
		8E664E1C1541FE490071EC42 /* OAHMAC_SHA1SignatureProvider.m in Sources */ = {isa = PBXBuildFile; fileRef = 8E664DFE1541FE490071EC42 /* OAHMAC_SHA1SignatureProvider.m */; };
		8E664E1D1541FE490071EC42 /* OAMutableURLRequest.m in Sources */ = {isa = PBXBuildFile; fileRef = 8E664E001541FE490071EC42 /* OAMutableURLRequest.m */; };
		8E664E1E1541FE490071EC42 /* OAPlaintextSignatureProvider.m in Sources */ = {isa = PBXBuildFile; fileRef = 8E664E021541FE490071EC42 /* OAPlaintextSignatureProvider.m */; };
		8E664E1F1541FE490071EC42 /* OAProblem.m in Sources */ = {isa = PBXBuildFile; fileRef = 8E664E041541FE490071EC42 /* OAProblem.m */; };
		8E664E201541FE490071EC42 /* OARequestParameter.m in Sources */ = {isa = PBXBuildFile; fileRef = 8E664E061541FE490071EC42 /* OARequestParameter.m */; };
		8E664E211541FE490071EC42 /* OAServiceTicket.m in Sources */ = {isa = PBXBuildFile; fileRef = 8E664E081541FE490071EC42 /* OAServiceTicket.m */; };
		8E664E221541FE490071EC42 /* OATestServer.rb in Resources */ = {isa = PBXBuildFile; fileRef = 8E664E0A1541FE490071EC42 /* OATestServer.rb */; };
		8E664E231541FE490071EC42 /* OAToken.m in Sources */ = {isa = PBXBuildFile; fileRef = 8E664E0C1541FE490071EC42 /* OAToken.m */; };
		8E664E241541FE490071EC42 /* OATokenManager.m in Sources */ = {isa = PBXBuildFile; fileRef = 8E664E0E1541FE490071EC42 /* OATokenManager.m */; settings = {COMPILER_FLAGS = "-Wno-arc-performSelector-leaks"; }; };
		8E664E251541FE490071EC42 /* README in Resources */ = {isa = PBXBuildFile; fileRef = 8E664E101541FE490071EC42 /* README */; };
		8E67158D154EF3540059FC1A /* YourRollsTableViewManager.m in Sources */ = {isa = PBXBuildFile; fileRef = 8E67158C154EF3540059FC1A /* YourRollsTableViewManager.m */; };
		8E671592154F0B360059FC1A /* ShareViewController.m in Sources */ = {isa = PBXBuildFile; fileRef = 8E671590154F0B360059FC1A /* ShareViewController.m */; };
		8E671593154F0B360059FC1A /* ShareViewControllerViewController.xib in Resources */ = {isa = PBXBuildFile; fileRef = 8E671591154F0B360059FC1A /* ShareViewControllerViewController.xib */; };
		8E671596154F0B9E0059FC1A /* StreamTableViewManager.m in Sources */ = {isa = PBXBuildFile; fileRef = 8E671595154F0B9E0059FC1A /* StreamTableViewManager.m */; };
		8E671599154F0C3B0059FC1A /* YouTableViewController.m in Sources */ = {isa = PBXBuildFile; fileRef = 8E671598154F0C3B0059FC1A /* YouTableViewController.m */; };
		8E6715AC154F17BB0059FC1A /* RollsTableViewController.m in Sources */ = {isa = PBXBuildFile; fileRef = 8E6715AA154F17BB0059FC1A /* RollsTableViewController.m */; };
		8E7F47B3154074130041118E /* Twitter.framework in Frameworks */ = {isa = PBXBuildFile; fileRef = 8E7F47B2154074130041118E /* Twitter.framework */; };
		8E7F47B6154074180041118E /* Accounts.framework in Frameworks */ = {isa = PBXBuildFile; fileRef = 8E7F47B5154074180041118E /* Accounts.framework */; };
		8E7F47B81540741F0041118E /* QuartzCore.framework in Frameworks */ = {isa = PBXBuildFile; fileRef = 8E7F47B71540741F0041118E /* QuartzCore.framework */; };
		8E7F47E1154092310041118E /* FBDialog.bundle in Resources */ = {isa = PBXBuildFile; fileRef = 8E7F47D4154092310041118E /* FBDialog.bundle */; };
		8E7F47E2154092310041118E /* libfacebook_ios_sdk.a in Frameworks */ = {isa = PBXBuildFile; fileRef = 8E7F47DA154092310041118E /* libfacebook_ios_sdk.a */; };
		8E7F47E51540931D0041118E /* ASPullToRefreshTableViewController.m in Sources */ = {isa = PBXBuildFile; fileRef = 8E7F47E41540931D0041118E /* ASPullToRefreshTableViewController.m */; };
		8E7F47E9154093850041118E /* SocialFacade.m in Sources */ = {isa = PBXBuildFile; fileRef = 8E7F47E8154093850041118E /* SocialFacade.m */; };
		8E7F48061540B4690041118E /* Crashlytics.framework in Frameworks */ = {isa = PBXBuildFile; fileRef = 8E7F48051540B4690041118E /* Crashlytics.framework */; };
		8E8124D71540B92E00E1EA4B /* GuideTableViewController.m in Sources */ = {isa = PBXBuildFile; fileRef = 8E8124D61540B92E00E1EA4B /* GuideTableViewController.m */; };
		8E8124E51540C1BA00E1EA4B /* SavesTableViewManager.m in Sources */ = {isa = PBXBuildFile; fileRef = 8E8124E41540C1BA00E1EA4B /* SavesTableViewManager.m */; };
		8E8124E81540C1C800E1EA4B /* SearchTableViewManager.m in Sources */ = {isa = PBXBuildFile; fileRef = 8E8124E71540C1C800E1EA4B /* SearchTableViewManager.m */; };
		8E8124F31540C2E800E1EA4B /* GuideTableViewManager.m in Sources */ = {isa = PBXBuildFile; fileRef = 8E8124F21540C2E800E1EA4B /* GuideTableViewManager.m */; };
		8E8124F91540D41E00E1EA4B /* pullToRefreshArrow@2x.png in Resources */ = {isa = PBXBuildFile; fileRef = 8E8124F81540D41E00E1EA4B /* pullToRefreshArrow@2x.png */; };
		8EAA320F154EF239003FC586 /* PeopleRollsTableViewManager.m in Sources */ = {isa = PBXBuildFile; fileRef = 8EAA320E154EF239003FC586 /* PeopleRollsTableViewManager.m */; };
		8EAA3212154EF271003FC586 /* PopularRollsTableViewManager.m in Sources */ = {isa = PBXBuildFile; fileRef = 8EAA3211154EF271003FC586 /* PopularRollsTableViewManager.m */; };
		8ECBA7D11535F6F70009718E /* UIKit.framework in Frameworks */ = {isa = PBXBuildFile; fileRef = 8ECBA7D01535F6F70009718E /* UIKit.framework */; };
		8ECBA7D31535F6F70009718E /* Foundation.framework in Frameworks */ = {isa = PBXBuildFile; fileRef = 8ECBA7D21535F6F70009718E /* Foundation.framework */; };
		8ECBA7D51535F6F70009718E /* CoreGraphics.framework in Frameworks */ = {isa = PBXBuildFile; fileRef = 8ECBA7D41535F6F70009718E /* CoreGraphics.framework */; };
		8ECBA7DB1535F6F70009718E /* InfoPlist.strings in Resources */ = {isa = PBXBuildFile; fileRef = 8ECBA7D91535F6F70009718E /* InfoPlist.strings */; };
		8ECBA7DD1535F6F70009718E /* main.m in Sources */ = {isa = PBXBuildFile; fileRef = 8ECBA7DC1535F6F70009718E /* main.m */; };
		8ECBA7E11535F6F70009718E /* AppDelegate.m in Sources */ = {isa = PBXBuildFile; fileRef = 8ECBA7E01535F6F70009718E /* AppDelegate.m */; };
		8ED310F6153601A2002614DF /* Default-Landscape~ipad.png in Resources */ = {isa = PBXBuildFile; fileRef = 8ED310EA153601A2002614DF /* Default-Landscape~ipad.png */; };
		8ED310F7153601A2002614DF /* Default-Portrait~ipad.png in Resources */ = {isa = PBXBuildFile; fileRef = 8ED310EB153601A2002614DF /* Default-Portrait~ipad.png */; };
		8ED310F8153601A2002614DF /* Default.png in Resources */ = {isa = PBXBuildFile; fileRef = 8ED310EC153601A2002614DF /* Default.png */; };
		8ED310F9153601A2002614DF /* Default@2x.png in Resources */ = {isa = PBXBuildFile; fileRef = 8ED310ED153601A2002614DF /* Default@2x.png */; };
		8ED310FA153601A2002614DF /* Icon-72.png in Resources */ = {isa = PBXBuildFile; fileRef = 8ED310EE153601A2002614DF /* Icon-72.png */; };
		8ED310FB153601A2002614DF /* Icon-iPad.png in Resources */ = {isa = PBXBuildFile; fileRef = 8ED310EF153601A2002614DF /* Icon-iPad.png */; };
		8ED310FC153601A2002614DF /* Icon-Small-50.png in Resources */ = {isa = PBXBuildFile; fileRef = 8ED310F0153601A2002614DF /* Icon-Small-50.png */; };
		8ED310FD153601A2002614DF /* Icon-Small.png in Resources */ = {isa = PBXBuildFile; fileRef = 8ED310F1153601A2002614DF /* Icon-Small.png */; };
		8ED310FE153601A2002614DF /* Icon-Small@2x.png in Resources */ = {isa = PBXBuildFile; fileRef = 8ED310F2153601A2002614DF /* Icon-Small@2x.png */; };
		8ED310FF153601A2002614DF /* Icon.png in Resources */ = {isa = PBXBuildFile; fileRef = 8ED310F3153601A2002614DF /* Icon.png */; };
		8ED31100153601A2002614DF /* Icon@2x.png in Resources */ = {isa = PBXBuildFile; fileRef = 8ED310F4153601A2002614DF /* Icon@2x.png */; };
		8ED31101153601A2002614DF /* iTunesArtwork in Resources */ = {isa = PBXBuildFile; fileRef = 8ED310F5153601A2002614DF /* iTunesArtwork */; };
/* End PBXBuildFile section */

/* Begin PBXFileReference section */
		8E664D3F1541A66A0071EC42 /* LoginViewController_iPhone.xib */ = {isa = PBXFileReference; fileEncoding = 4; lastKnownFileType = file.xib; path = LoginViewController_iPhone.xib; sourceTree = "<group>"; };
		8E664D411541A6770071EC42 /* LoginViewController_iPad.xib */ = {isa = PBXFileReference; fileEncoding = 4; lastKnownFileType = file.xib; path = LoginViewController_iPad.xib; sourceTree = "<group>"; };
		8E664D521541B0120071EC42 /* LoginViewController.h */ = {isa = PBXFileReference; fileEncoding = 4; lastKnownFileType = sourcecode.c.h; path = LoginViewController.h; sourceTree = "<group>"; };
		8E664D531541B0120071EC42 /* LoginViewController.m */ = {isa = PBXFileReference; fileEncoding = 4; lastKnownFileType = sourcecode.c.objc; path = LoginViewController.m; sourceTree = "<group>"; };
		8E664D561541B1040071EC42 /* StaticDeclarations.h */ = {isa = PBXFileReference; lastKnownFileType = sourcecode.c.h; path = StaticDeclarations.h; sourceTree = "<group>"; };
		8E664D571541B10D0071EC42 /* APIConstants.h */ = {isa = PBXFileReference; lastKnownFileType = sourcecode.c.h; path = APIConstants.h; sourceTree = "<group>"; };
		8E664D6D1541C81F0071EC42 /* TextConstants.h */ = {isa = PBXFileReference; fileEncoding = 4; lastKnownFileType = sourcecode.c.h; path = TextConstants.h; sourceTree = "<group>"; };
		8E664DE61541FE490071EC42 /* .gitignore */ = {isa = PBXFileReference; fileEncoding = 4; lastKnownFileType = text; path = .gitignore; sourceTree = "<group>"; };
		8E664DE81541FE490071EC42 /* NSMutableURLRequest+Parameters.h */ = {isa = PBXFileReference; fileEncoding = 4; lastKnownFileType = sourcecode.c.h; path = "NSMutableURLRequest+Parameters.h"; sourceTree = "<group>"; };
		8E664DE91541FE490071EC42 /* NSMutableURLRequest+Parameters.m */ = {isa = PBXFileReference; fileEncoding = 4; lastKnownFileType = sourcecode.c.objc; path = "NSMutableURLRequest+Parameters.m"; sourceTree = "<group>"; };
		8E664DEA1541FE490071EC42 /* NSString+URLEncoding.h */ = {isa = PBXFileReference; fileEncoding = 4; lastKnownFileType = sourcecode.c.h; path = "NSString+URLEncoding.h"; sourceTree = "<group>"; };
		8E664DEB1541FE490071EC42 /* NSString+URLEncoding.m */ = {isa = PBXFileReference; fileEncoding = 4; lastKnownFileType = sourcecode.c.objc; path = "NSString+URLEncoding.m"; sourceTree = "<group>"; };
		8E664DEC1541FE490071EC42 /* NSURL+Base.h */ = {isa = PBXFileReference; fileEncoding = 4; lastKnownFileType = sourcecode.c.h; path = "NSURL+Base.h"; sourceTree = "<group>"; };
		8E664DED1541FE490071EC42 /* NSURL+Base.m */ = {isa = PBXFileReference; fileEncoding = 4; lastKnownFileType = sourcecode.c.objc; path = "NSURL+Base.m"; sourceTree = "<group>"; };
		8E664DEF1541FE490071EC42 /* Base64Transcoder.c */ = {isa = PBXFileReference; fileEncoding = 4; lastKnownFileType = sourcecode.c.c; path = Base64Transcoder.c; sourceTree = "<group>"; };
		8E664DF01541FE490071EC42 /* Base64Transcoder.h */ = {isa = PBXFileReference; fileEncoding = 4; lastKnownFileType = sourcecode.c.h; path = Base64Transcoder.h; sourceTree = "<group>"; };
		8E664DF11541FE490071EC42 /* hmac.c */ = {isa = PBXFileReference; fileEncoding = 4; lastKnownFileType = sourcecode.c.c; path = hmac.c; sourceTree = "<group>"; };
		8E664DF21541FE490071EC42 /* hmac.h */ = {isa = PBXFileReference; fileEncoding = 4; lastKnownFileType = sourcecode.c.h; path = hmac.h; sourceTree = "<group>"; };
		8E664DF31541FE490071EC42 /* sha1.c */ = {isa = PBXFileReference; fileEncoding = 4; lastKnownFileType = sourcecode.c.c; path = sha1.c; sourceTree = "<group>"; };
		8E664DF41541FE490071EC42 /* sha1.h */ = {isa = PBXFileReference; fileEncoding = 4; lastKnownFileType = sourcecode.c.h; path = sha1.h; sourceTree = "<group>"; };
		8E664DF51541FE490071EC42 /* OAAttachment.h */ = {isa = PBXFileReference; fileEncoding = 4; lastKnownFileType = sourcecode.c.h; path = OAAttachment.h; sourceTree = "<group>"; };
		8E664DF61541FE490071EC42 /* OAAttachment.m */ = {isa = PBXFileReference; fileEncoding = 4; lastKnownFileType = sourcecode.c.objc; path = OAAttachment.m; sourceTree = "<group>"; };
		8E664DF71541FE490071EC42 /* OACall.h */ = {isa = PBXFileReference; fileEncoding = 4; lastKnownFileType = sourcecode.c.h; path = OACall.h; sourceTree = "<group>"; };
		8E664DF81541FE490071EC42 /* OACall.m */ = {isa = PBXFileReference; fileEncoding = 4; lastKnownFileType = sourcecode.c.objc; path = OACall.m; sourceTree = "<group>"; };
		8E664DF91541FE490071EC42 /* OAConsumer.h */ = {isa = PBXFileReference; fileEncoding = 4; lastKnownFileType = sourcecode.c.h; path = OAConsumer.h; sourceTree = "<group>"; };
		8E664DFA1541FE490071EC42 /* OAConsumer.m */ = {isa = PBXFileReference; fileEncoding = 4; lastKnownFileType = sourcecode.c.objc; path = OAConsumer.m; sourceTree = "<group>"; };
		8E664DFB1541FE490071EC42 /* OADataFetcher.h */ = {isa = PBXFileReference; fileEncoding = 4; lastKnownFileType = sourcecode.c.h; path = OADataFetcher.h; sourceTree = "<group>"; };
		8E664DFC1541FE490071EC42 /* OADataFetcher.m */ = {isa = PBXFileReference; fileEncoding = 4; lastKnownFileType = sourcecode.c.objc; path = OADataFetcher.m; sourceTree = "<group>"; };
		8E664DFD1541FE490071EC42 /* OAHMAC_SHA1SignatureProvider.h */ = {isa = PBXFileReference; fileEncoding = 4; lastKnownFileType = sourcecode.c.h; path = OAHMAC_SHA1SignatureProvider.h; sourceTree = "<group>"; };
		8E664DFE1541FE490071EC42 /* OAHMAC_SHA1SignatureProvider.m */ = {isa = PBXFileReference; fileEncoding = 4; lastKnownFileType = sourcecode.c.objc; path = OAHMAC_SHA1SignatureProvider.m; sourceTree = "<group>"; };
		8E664DFF1541FE490071EC42 /* OAMutableURLRequest.h */ = {isa = PBXFileReference; fileEncoding = 4; lastKnownFileType = sourcecode.c.h; path = OAMutableURLRequest.h; sourceTree = "<group>"; };
		8E664E001541FE490071EC42 /* OAMutableURLRequest.m */ = {isa = PBXFileReference; fileEncoding = 4; lastKnownFileType = sourcecode.c.objc; path = OAMutableURLRequest.m; sourceTree = "<group>"; };
		8E664E011541FE490071EC42 /* OAPlaintextSignatureProvider.h */ = {isa = PBXFileReference; fileEncoding = 4; lastKnownFileType = sourcecode.c.h; path = OAPlaintextSignatureProvider.h; sourceTree = "<group>"; };
		8E664E021541FE490071EC42 /* OAPlaintextSignatureProvider.m */ = {isa = PBXFileReference; fileEncoding = 4; lastKnownFileType = sourcecode.c.objc; path = OAPlaintextSignatureProvider.m; sourceTree = "<group>"; };
		8E664E031541FE490071EC42 /* OAProblem.h */ = {isa = PBXFileReference; fileEncoding = 4; lastKnownFileType = sourcecode.c.h; path = OAProblem.h; sourceTree = "<group>"; };
		8E664E041541FE490071EC42 /* OAProblem.m */ = {isa = PBXFileReference; fileEncoding = 4; lastKnownFileType = sourcecode.c.objc; path = OAProblem.m; sourceTree = "<group>"; };
		8E664E051541FE490071EC42 /* OARequestParameter.h */ = {isa = PBXFileReference; fileEncoding = 4; lastKnownFileType = sourcecode.c.h; path = OARequestParameter.h; sourceTree = "<group>"; };
		8E664E061541FE490071EC42 /* OARequestParameter.m */ = {isa = PBXFileReference; fileEncoding = 4; lastKnownFileType = sourcecode.c.objc; path = OARequestParameter.m; sourceTree = "<group>"; };
		8E664E071541FE490071EC42 /* OAServiceTicket.h */ = {isa = PBXFileReference; fileEncoding = 4; lastKnownFileType = sourcecode.c.h; path = OAServiceTicket.h; sourceTree = "<group>"; };
		8E664E081541FE490071EC42 /* OAServiceTicket.m */ = {isa = PBXFileReference; fileEncoding = 4; lastKnownFileType = sourcecode.c.objc; path = OAServiceTicket.m; sourceTree = "<group>"; };
		8E664E091541FE490071EC42 /* OASignatureProviding.h */ = {isa = PBXFileReference; fileEncoding = 4; lastKnownFileType = sourcecode.c.h; path = OASignatureProviding.h; sourceTree = "<group>"; };
		8E664E0A1541FE490071EC42 /* OATestServer.rb */ = {isa = PBXFileReference; fileEncoding = 4; lastKnownFileType = text.script.ruby; path = OATestServer.rb; sourceTree = "<group>"; };
		8E664E0B1541FE490071EC42 /* OAToken.h */ = {isa = PBXFileReference; fileEncoding = 4; lastKnownFileType = sourcecode.c.h; path = OAToken.h; sourceTree = "<group>"; };
		8E664E0C1541FE490071EC42 /* OAToken.m */ = {isa = PBXFileReference; fileEncoding = 4; lastKnownFileType = sourcecode.c.objc; path = OAToken.m; sourceTree = "<group>"; };
		8E664E0D1541FE490071EC42 /* OATokenManager.h */ = {isa = PBXFileReference; fileEncoding = 4; lastKnownFileType = sourcecode.c.h; path = OATokenManager.h; sourceTree = "<group>"; };
		8E664E0E1541FE490071EC42 /* OATokenManager.m */ = {isa = PBXFileReference; fileEncoding = 4; lastKnownFileType = sourcecode.c.objc; path = OATokenManager.m; sourceTree = "<group>"; };
		8E664E0F1541FE490071EC42 /* OAuthConsumer.h */ = {isa = PBXFileReference; fileEncoding = 4; lastKnownFileType = sourcecode.c.h; path = OAuthConsumer.h; sourceTree = "<group>"; };
		8E664E101541FE490071EC42 /* README */ = {isa = PBXFileReference; fileEncoding = 4; lastKnownFileType = text; path = README; sourceTree = "<group>"; };
		8E67158C154EF3540059FC1A /* YourRollsTableViewManager.m */ = {isa = PBXFileReference; fileEncoding = 4; lastKnownFileType = sourcecode.c.objc; path = YourRollsTableViewManager.m; sourceTree = "<group>"; };
		8E67158F154F0B360059FC1A /* ShareViewController.h */ = {isa = PBXFileReference; fileEncoding = 4; lastKnownFileType = sourcecode.c.h; path = ShareViewController.h; sourceTree = "<group>"; };
		8E671590154F0B360059FC1A /* ShareViewController.m */ = {isa = PBXFileReference; fileEncoding = 4; lastKnownFileType = sourcecode.c.objc; path = ShareViewController.m; sourceTree = "<group>"; };
		8E671591154F0B360059FC1A /* ShareViewControllerViewController.xib */ = {isa = PBXFileReference; fileEncoding = 4; lastKnownFileType = file.xib; path = ShareViewControllerViewController.xib; sourceTree = "<group>"; };
		8E671594154F0B9E0059FC1A /* StreamTableViewManager.h */ = {isa = PBXFileReference; fileEncoding = 4; lastKnownFileType = sourcecode.c.h; path = StreamTableViewManager.h; sourceTree = "<group>"; };
		8E671595154F0B9E0059FC1A /* StreamTableViewManager.m */ = {isa = PBXFileReference; fileEncoding = 4; lastKnownFileType = sourcecode.c.objc; path = StreamTableViewManager.m; sourceTree = "<group>"; };
		8E671597154F0C3B0059FC1A /* YouTableViewController.h */ = {isa = PBXFileReference; fileEncoding = 4; lastKnownFileType = sourcecode.c.h; path = YouTableViewController.h; sourceTree = "<group>"; };
		8E671598154F0C3B0059FC1A /* YouTableViewController.m */ = {isa = PBXFileReference; fileEncoding = 4; lastKnownFileType = sourcecode.c.objc; path = YouTableViewController.m; sourceTree = "<group>"; };
		8E6715A3154F14590059FC1A /* Structures.h */ = {isa = PBXFileReference; lastKnownFileType = sourcecode.c.h; path = Structures.h; sourceTree = "<group>"; };
		8E6715A9154F17BB0059FC1A /* RollsTableViewController.h */ = {isa = PBXFileReference; fileEncoding = 4; lastKnownFileType = sourcecode.c.h; path = RollsTableViewController.h; sourceTree = "<group>"; };
		8E6715AA154F17BB0059FC1A /* RollsTableViewController.m */ = {isa = PBXFileReference; fileEncoding = 4; lastKnownFileType = sourcecode.c.objc; path = RollsTableViewController.m; sourceTree = "<group>"; };
		8E7F47B2154074130041118E /* Twitter.framework */ = {isa = PBXFileReference; lastKnownFileType = wrapper.framework; name = Twitter.framework; path = System/Library/Frameworks/Twitter.framework; sourceTree = SDKROOT; };
		8E7F47B5154074180041118E /* Accounts.framework */ = {isa = PBXFileReference; lastKnownFileType = wrapper.framework; name = Accounts.framework; path = System/Library/Frameworks/Accounts.framework; sourceTree = SDKROOT; };
		8E7F47B71540741F0041118E /* QuartzCore.framework */ = {isa = PBXFileReference; lastKnownFileType = wrapper.framework; name = QuartzCore.framework; path = System/Library/Frameworks/QuartzCore.framework; sourceTree = SDKROOT; };
		8E7F47D2154092310041118E /* Facebook.h */ = {isa = PBXFileReference; fileEncoding = 4; lastKnownFileType = sourcecode.c.h; path = Facebook.h; sourceTree = "<group>"; };
		8E7F47D3154092310041118E /* FBConnect.h */ = {isa = PBXFileReference; fileEncoding = 4; lastKnownFileType = sourcecode.c.h; path = FBConnect.h; sourceTree = "<group>"; };
		8E7F47D4154092310041118E /* FBDialog.bundle */ = {isa = PBXFileReference; lastKnownFileType = "wrapper.plug-in"; path = FBDialog.bundle; sourceTree = "<group>"; };
		8E7F47D5154092310041118E /* FBDialog.h */ = {isa = PBXFileReference; fileEncoding = 4; lastKnownFileType = sourcecode.c.h; path = FBDialog.h; sourceTree = "<group>"; };
		8E7F47D6154092310041118E /* FBFrictionlessRequestSettings.h */ = {isa = PBXFileReference; fileEncoding = 4; lastKnownFileType = sourcecode.c.h; path = FBFrictionlessRequestSettings.h; sourceTree = "<group>"; };
		8E7F47D7154092310041118E /* FBLoginDialog.h */ = {isa = PBXFileReference; fileEncoding = 4; lastKnownFileType = sourcecode.c.h; path = FBLoginDialog.h; sourceTree = "<group>"; };
		8E7F47D8154092310041118E /* FBRequest.h */ = {isa = PBXFileReference; fileEncoding = 4; lastKnownFileType = sourcecode.c.h; path = FBRequest.h; sourceTree = "<group>"; };
		8E7F47D9154092310041118E /* JSON.h */ = {isa = PBXFileReference; fileEncoding = 4; lastKnownFileType = sourcecode.c.h; path = JSON.h; sourceTree = "<group>"; };
		8E7F47DA154092310041118E /* libfacebook_ios_sdk.a */ = {isa = PBXFileReference; lastKnownFileType = archive.ar; path = libfacebook_ios_sdk.a; sourceTree = "<group>"; };
		8E7F47DB154092310041118E /* NSObject+SBJSON.h */ = {isa = PBXFileReference; fileEncoding = 4; lastKnownFileType = sourcecode.c.h; path = "NSObject+SBJSON.h"; sourceTree = "<group>"; };
		8E7F47DC154092310041118E /* NSString+SBJSON.h */ = {isa = PBXFileReference; fileEncoding = 4; lastKnownFileType = sourcecode.c.h; path = "NSString+SBJSON.h"; sourceTree = "<group>"; };
		8E7F47DD154092310041118E /* SBJSON.h */ = {isa = PBXFileReference; fileEncoding = 4; lastKnownFileType = sourcecode.c.h; path = SBJSON.h; sourceTree = "<group>"; };
		8E7F47DE154092310041118E /* SBJsonBase.h */ = {isa = PBXFileReference; fileEncoding = 4; lastKnownFileType = sourcecode.c.h; path = SBJsonBase.h; sourceTree = "<group>"; };
		8E7F47DF154092310041118E /* SBJsonParser.h */ = {isa = PBXFileReference; fileEncoding = 4; lastKnownFileType = sourcecode.c.h; path = SBJsonParser.h; sourceTree = "<group>"; };
		8E7F47E0154092310041118E /* SBJsonWriter.h */ = {isa = PBXFileReference; fileEncoding = 4; lastKnownFileType = sourcecode.c.h; path = SBJsonWriter.h; sourceTree = "<group>"; };
		8E7F47E31540931D0041118E /* ASPullToRefreshTableViewController.h */ = {isa = PBXFileReference; fileEncoding = 4; lastKnownFileType = sourcecode.c.h; name = ASPullToRefreshTableViewController.h; path = library/ASPullToRefresh/ASPullToRefresh/ASPullToRefreshTableViewController.h; sourceTree = SOURCE_ROOT; };
		8E7F47E41540931D0041118E /* ASPullToRefreshTableViewController.m */ = {isa = PBXFileReference; fileEncoding = 4; lastKnownFileType = sourcecode.c.objc; name = ASPullToRefreshTableViewController.m; path = library/ASPullToRefresh/ASPullToRefresh/ASPullToRefreshTableViewController.m; sourceTree = SOURCE_ROOT; };
		8E7F47E7154093850041118E /* SocialFacade.h */ = {isa = PBXFileReference; fileEncoding = 4; lastKnownFileType = sourcecode.c.h; path = SocialFacade.h; sourceTree = "<group>"; };
		8E7F47E8154093850041118E /* SocialFacade.m */ = {isa = PBXFileReference; fileEncoding = 4; lastKnownFileType = sourcecode.c.objc; path = SocialFacade.m; sourceTree = "<group>"; };
		8E7F48051540B4690041118E /* Crashlytics.framework */ = {isa = PBXFileReference; lastKnownFileType = wrapper.framework; path = Crashlytics.framework; sourceTree = "<group>"; };
		8E8124D51540B92E00E1EA4B /* GuideTableViewController.h */ = {isa = PBXFileReference; fileEncoding = 4; lastKnownFileType = sourcecode.c.h; path = GuideTableViewController.h; sourceTree = "<group>"; };
		8E8124D61540B92E00E1EA4B /* GuideTableViewController.m */ = {isa = PBXFileReference; fileEncoding = 4; lastKnownFileType = sourcecode.c.objc; path = GuideTableViewController.m; sourceTree = "<group>"; };
		8E8124E01540C1A200E1EA4B /* YourRollsTableViewManager.h */ = {isa = PBXFileReference; fileEncoding = 4; lastKnownFileType = sourcecode.c.h; path = YourRollsTableViewManager.h; sourceTree = "<group>"; };
		8E8124E31540C1BA00E1EA4B /* SavesTableViewManager.h */ = {isa = PBXFileReference; fileEncoding = 4; lastKnownFileType = sourcecode.c.h; path = SavesTableViewManager.h; sourceTree = "<group>"; };
		8E8124E41540C1BA00E1EA4B /* SavesTableViewManager.m */ = {isa = PBXFileReference; fileEncoding = 4; lastKnownFileType = sourcecode.c.objc; path = SavesTableViewManager.m; sourceTree = "<group>"; };
		8E8124E61540C1C800E1EA4B /* SearchTableViewManager.h */ = {isa = PBXFileReference; fileEncoding = 4; lastKnownFileType = sourcecode.c.h; path = SearchTableViewManager.h; sourceTree = "<group>"; };
		8E8124E71540C1C800E1EA4B /* SearchTableViewManager.m */ = {isa = PBXFileReference; fileEncoding = 4; lastKnownFileType = sourcecode.c.objc; path = SearchTableViewManager.m; sourceTree = "<group>"; };
		8E8124F11540C2E800E1EA4B /* GuideTableViewManager.h */ = {isa = PBXFileReference; fileEncoding = 4; lastKnownFileType = sourcecode.c.h; path = GuideTableViewManager.h; sourceTree = "<group>"; };
		8E8124F21540C2E800E1EA4B /* GuideTableViewManager.m */ = {isa = PBXFileReference; fileEncoding = 4; lastKnownFileType = sourcecode.c.objc; path = GuideTableViewManager.m; sourceTree = "<group>"; };
		8E8124F41540C2F900E1EA4B /* TableViewManagers.h */ = {isa = PBXFileReference; lastKnownFileType = sourcecode.c.h; path = TableViewManagers.h; sourceTree = "<group>"; };
		8E8124F81540D41E00E1EA4B /* pullToRefreshArrow@2x.png */ = {isa = PBXFileReference; lastKnownFileType = image.png; name = "pullToRefreshArrow@2x.png"; path = "../../../library/publicLibrary/ASPullToRefresh/ASPullToRefresh/pullToRefreshArrow@2x.png"; sourceTree = "<group>"; };
		8EAA320D154EF239003FC586 /* PeopleRollsTableViewManager.h */ = {isa = PBXFileReference; fileEncoding = 4; lastKnownFileType = sourcecode.c.h; path = PeopleRollsTableViewManager.h; sourceTree = "<group>"; };
		8EAA320E154EF239003FC586 /* PeopleRollsTableViewManager.m */ = {isa = PBXFileReference; fileEncoding = 4; lastKnownFileType = sourcecode.c.objc; path = PeopleRollsTableViewManager.m; sourceTree = "<group>"; };
		8EAA3210154EF271003FC586 /* PopularRollsTableViewManager.h */ = {isa = PBXFileReference; fileEncoding = 4; lastKnownFileType = sourcecode.c.h; path = PopularRollsTableViewManager.h; sourceTree = "<group>"; };
		8EAA3211154EF271003FC586 /* PopularRollsTableViewManager.m */ = {isa = PBXFileReference; fileEncoding = 4; lastKnownFileType = sourcecode.c.objc; path = PopularRollsTableViewManager.m; sourceTree = "<group>"; };
		8ECBA7CC1535F6F70009718E /* Shelby-tv.app */ = {isa = PBXFileReference; explicitFileType = wrapper.application; includeInIndex = 0; path = "Shelby-tv.app"; sourceTree = BUILT_PRODUCTS_DIR; };
		8ECBA7D01535F6F70009718E /* UIKit.framework */ = {isa = PBXFileReference; lastKnownFileType = wrapper.framework; name = UIKit.framework; path = System/Library/Frameworks/UIKit.framework; sourceTree = SDKROOT; };
		8ECBA7D21535F6F70009718E /* Foundation.framework */ = {isa = PBXFileReference; lastKnownFileType = wrapper.framework; name = Foundation.framework; path = System/Library/Frameworks/Foundation.framework; sourceTree = SDKROOT; };
		8ECBA7D41535F6F70009718E /* CoreGraphics.framework */ = {isa = PBXFileReference; lastKnownFileType = wrapper.framework; name = CoreGraphics.framework; path = System/Library/Frameworks/CoreGraphics.framework; sourceTree = SDKROOT; };
		8ECBA7D81535F6F70009718E /* Shelby-tv-Info.plist */ = {isa = PBXFileReference; lastKnownFileType = text.plist.xml; path = "Shelby-tv-Info.plist"; sourceTree = "<group>"; };
		8ECBA7DA1535F6F70009718E /* en */ = {isa = PBXFileReference; lastKnownFileType = text.plist.strings; name = en; path = en.lproj/InfoPlist.strings; sourceTree = "<group>"; };
		8ECBA7DC1535F6F70009718E /* main.m */ = {isa = PBXFileReference; lastKnownFileType = sourcecode.c.objc; path = main.m; sourceTree = "<group>"; };
		8ECBA7DE1535F6F70009718E /* Shelby-tv-Prefix.pch */ = {isa = PBXFileReference; lastKnownFileType = sourcecode.c.h; path = "Shelby-tv-Prefix.pch"; sourceTree = "<group>"; };
		8ECBA7DF1535F6F70009718E /* AppDelegate.h */ = {isa = PBXFileReference; lastKnownFileType = sourcecode.c.h; path = AppDelegate.h; sourceTree = "<group>"; };
		8ECBA7E01535F6F70009718E /* AppDelegate.m */ = {isa = PBXFileReference; lastKnownFileType = sourcecode.c.objc; path = AppDelegate.m; sourceTree = "<group>"; };
		8ED310EA153601A2002614DF /* Default-Landscape~ipad.png */ = {isa = PBXFileReference; lastKnownFileType = image.png; path = "Default-Landscape~ipad.png"; sourceTree = "<group>"; };
		8ED310EB153601A2002614DF /* Default-Portrait~ipad.png */ = {isa = PBXFileReference; lastKnownFileType = image.png; path = "Default-Portrait~ipad.png"; sourceTree = "<group>"; };
		8ED310EC153601A2002614DF /* Default.png */ = {isa = PBXFileReference; lastKnownFileType = image.png; path = Default.png; sourceTree = "<group>"; };
		8ED310ED153601A2002614DF /* Default@2x.png */ = {isa = PBXFileReference; lastKnownFileType = image.png; path = "Default@2x.png"; sourceTree = "<group>"; };
		8ED310EE153601A2002614DF /* Icon-72.png */ = {isa = PBXFileReference; lastKnownFileType = image.png; path = "Icon-72.png"; sourceTree = "<group>"; };
		8ED310EF153601A2002614DF /* Icon-iPad.png */ = {isa = PBXFileReference; lastKnownFileType = image.png; path = "Icon-iPad.png"; sourceTree = "<group>"; };
		8ED310F0153601A2002614DF /* Icon-Small-50.png */ = {isa = PBXFileReference; lastKnownFileType = image.png; path = "Icon-Small-50.png"; sourceTree = "<group>"; };
		8ED310F1153601A2002614DF /* Icon-Small.png */ = {isa = PBXFileReference; lastKnownFileType = image.png; path = "Icon-Small.png"; sourceTree = "<group>"; };
		8ED310F2153601A2002614DF /* Icon-Small@2x.png */ = {isa = PBXFileReference; lastKnownFileType = image.png; path = "Icon-Small@2x.png"; sourceTree = "<group>"; };
		8ED310F3153601A2002614DF /* Icon.png */ = {isa = PBXFileReference; lastKnownFileType = image.png; path = Icon.png; sourceTree = "<group>"; };
		8ED310F4153601A2002614DF /* Icon@2x.png */ = {isa = PBXFileReference; lastKnownFileType = image.png; path = "Icon@2x.png"; sourceTree = "<group>"; };
		8ED310F5153601A2002614DF /* iTunesArtwork */ = {isa = PBXFileReference; lastKnownFileType = file; path = iTunesArtwork; sourceTree = "<group>"; };
/* End PBXFileReference section */

/* Begin PBXFrameworksBuildPhase section */
		8ECBA7C91535F6F70009718E /* Frameworks */ = {
			isa = PBXFrameworksBuildPhase;
			buildActionMask = 2147483647;
			files = (
				8E7F47B6154074180041118E /* Accounts.framework in Frameworks */,
				8ECBA7D51535F6F70009718E /* CoreGraphics.framework in Frameworks */,
				8ECBA7D31535F6F70009718E /* Foundation.framework in Frameworks */,
				8E7F47B3154074130041118E /* Twitter.framework in Frameworks */,
				8ECBA7D11535F6F70009718E /* UIKit.framework in Frameworks */,
				8E7F47B81540741F0041118E /* QuartzCore.framework in Frameworks */,
				8E7F47E2154092310041118E /* libfacebook_ios_sdk.a in Frameworks */,
				8E7F48061540B4690041118E /* Crashlytics.framework in Frameworks */,
			);
			runOnlyForDeploymentPostprocessing = 0;
		};
/* End PBXFrameworksBuildPhase section */

/* Begin PBXGroup section */
		8E664D551541B0C40071EC42 /* Constants */ = {
			isa = PBXGroup;
			children = (
				8E664D561541B1040071EC42 /* StaticDeclarations.h */,
				8E664D571541B10D0071EC42 /* APIConstants.h */,
				8E6715A3154F14590059FC1A /* Structures.h */,
				8E664D6D1541C81F0071EC42 /* TextConstants.h */,
			);
			name = Constants;
			sourceTree = "<group>";
		};
		8E664DE51541FE490071EC42 /* OAuthConsumer */ = {
			isa = PBXGroup;
			children = (
				8E664DE61541FE490071EC42 /* .gitignore */,
				8E664DE71541FE490071EC42 /* Categories */,
				8E664DEE1541FE490071EC42 /* Crypto */,
				8E664DF51541FE490071EC42 /* OAAttachment.h */,
				8E664DF61541FE490071EC42 /* OAAttachment.m */,
				8E664DF71541FE490071EC42 /* OACall.h */,
				8E664DF81541FE490071EC42 /* OACall.m */,
				8E664DF91541FE490071EC42 /* OAConsumer.h */,
				8E664DFA1541FE490071EC42 /* OAConsumer.m */,
				8E664DFB1541FE490071EC42 /* OADataFetcher.h */,
				8E664DFC1541FE490071EC42 /* OADataFetcher.m */,
				8E664DFD1541FE490071EC42 /* OAHMAC_SHA1SignatureProvider.h */,
				8E664DFE1541FE490071EC42 /* OAHMAC_SHA1SignatureProvider.m */,
				8E664DFF1541FE490071EC42 /* OAMutableURLRequest.h */,
				8E664E001541FE490071EC42 /* OAMutableURLRequest.m */,
				8E664E011541FE490071EC42 /* OAPlaintextSignatureProvider.h */,
				8E664E021541FE490071EC42 /* OAPlaintextSignatureProvider.m */,
				8E664E031541FE490071EC42 /* OAProblem.h */,
				8E664E041541FE490071EC42 /* OAProblem.m */,
				8E664E051541FE490071EC42 /* OARequestParameter.h */,
				8E664E061541FE490071EC42 /* OARequestParameter.m */,
				8E664E071541FE490071EC42 /* OAServiceTicket.h */,
				8E664E081541FE490071EC42 /* OAServiceTicket.m */,
				8E664E091541FE490071EC42 /* OASignatureProviding.h */,
				8E664E0A1541FE490071EC42 /* OATestServer.rb */,
				8E664E0B1541FE490071EC42 /* OAToken.h */,
				8E664E0C1541FE490071EC42 /* OAToken.m */,
				8E664E0D1541FE490071EC42 /* OATokenManager.h */,
				8E664E0E1541FE490071EC42 /* OATokenManager.m */,
				8E664E0F1541FE490071EC42 /* OAuthConsumer.h */,
				8E664E101541FE490071EC42 /* README */,
			);
			name = OAuthConsumer;
			path = library/OAuthConsumer;
			sourceTree = SOURCE_ROOT;
		};
		8E664DE71541FE490071EC42 /* Categories */ = {
			isa = PBXGroup;
			children = (
				8E664DE81541FE490071EC42 /* NSMutableURLRequest+Parameters.h */,
				8E664DE91541FE490071EC42 /* NSMutableURLRequest+Parameters.m */,
				8E664DEA1541FE490071EC42 /* NSString+URLEncoding.h */,
				8E664DEB1541FE490071EC42 /* NSString+URLEncoding.m */,
				8E664DEC1541FE490071EC42 /* NSURL+Base.h */,
				8E664DED1541FE490071EC42 /* NSURL+Base.m */,
			);
			path = Categories;
			sourceTree = "<group>";
		};
		8E664DEE1541FE490071EC42 /* Crypto */ = {
			isa = PBXGroup;
			children = (
				8E664DEF1541FE490071EC42 /* Base64Transcoder.c */,
				8E664DF01541FE490071EC42 /* Base64Transcoder.h */,
				8E664DF11541FE490071EC42 /* hmac.c */,
				8E664DF21541FE490071EC42 /* hmac.h */,
				8E664DF31541FE490071EC42 /* sha1.c */,
				8E664DF41541FE490071EC42 /* sha1.h */,
			);
			path = Crypto;
			sourceTree = "<group>";
		};
		8E7F47D1154092310041118E /* facebook-ios-sdk */ = {
			isa = PBXGroup;
			children = (
				8E7F47D2154092310041118E /* Facebook.h */,
				8E7F47D3154092310041118E /* FBConnect.h */,
				8E7F47D4154092310041118E /* FBDialog.bundle */,
				8E7F47D5154092310041118E /* FBDialog.h */,
				8E7F47D6154092310041118E /* FBFrictionlessRequestSettings.h */,
				8E7F47D7154092310041118E /* FBLoginDialog.h */,
				8E7F47D8154092310041118E /* FBRequest.h */,
				8E7F47D9154092310041118E /* JSON.h */,
				8E7F47DA154092310041118E /* libfacebook_ios_sdk.a */,
				8E7F47DB154092310041118E /* NSObject+SBJSON.h */,
				8E7F47DC154092310041118E /* NSString+SBJSON.h */,
				8E7F47DD154092310041118E /* SBJSON.h */,
				8E7F47DE154092310041118E /* SBJsonBase.h */,
				8E7F47DF154092310041118E /* SBJsonParser.h */,
				8E7F47E0154092310041118E /* SBJsonWriter.h */,
			);
			name = "facebook-ios-sdk";
			path = "library/facebook-ios-sdk/lib/facebook-ios-sdk";
			sourceTree = SOURCE_ROOT;
		};
		8E7F47E6154093210041118E /* ASPullToRefresh */ = {
			isa = PBXGroup;
			children = (
				8E8124F81540D41E00E1EA4B /* pullToRefreshArrow@2x.png */,
				8E7F47E31540931D0041118E /* ASPullToRefreshTableViewController.h */,
				8E7F47E41540931D0041118E /* ASPullToRefreshTableViewController.m */,
			);
			name = ASPullToRefresh;
			sourceTree = "<group>";
		};
		8E7F47EA154093890041118E /* SocialFacade */ = {
			isa = PBXGroup;
			children = (
				8E7F47E7154093850041118E /* SocialFacade.h */,
				8E7F47E8154093850041118E /* SocialFacade.m */,
			);
			name = SocialFacade;
			sourceTree = "<group>";
		};
		8E8124DB1540C07400E1EA4B /* Table View Managers */ = {
			isa = PBXGroup;
			children = (
				8E8124F41540C2F900E1EA4B /* TableViewManagers.h */,
				8E8124F11540C2E800E1EA4B /* GuideTableViewManager.h */,
				8E8124F21540C2E800E1EA4B /* GuideTableViewManager.m */,
				8EAA320D154EF239003FC586 /* PeopleRollsTableViewManager.h */,
				8EAA320E154EF239003FC586 /* PeopleRollsTableViewManager.m */,
				8EAA3210154EF271003FC586 /* PopularRollsTableViewManager.h */,
				8EAA3211154EF271003FC586 /* PopularRollsTableViewManager.m */,
				8E8124E61540C1C800E1EA4B /* SearchTableViewManager.h */,
				8E8124E71540C1C800E1EA4B /* SearchTableViewManager.m */,
				8E8124E31540C1BA00E1EA4B /* SavesTableViewManager.h */,
				8E8124E41540C1BA00E1EA4B /* SavesTableViewManager.m */,
				8E671594154F0B9E0059FC1A /* StreamTableViewManager.h */,
				8E671595154F0B9E0059FC1A /* StreamTableViewManager.m */,
				8E67158F154F0B360059FC1A /* ShareViewController.h */,
				8E671590154F0B360059FC1A /* ShareViewController.m */,
				8E8124E01540C1A200E1EA4B /* YourRollsTableViewManager.h */,
				8E67158C154EF3540059FC1A /* YourRollsTableViewManager.m */,
			);
			name = "Table View Managers";
			sourceTree = "<group>";
		};
		8ECBA7C11535F6F70009718E = {
			isa = PBXGroup;
			children = (
				8ECBA7D61535F6F70009718E /* Shelby-tv */,
				8ED310E81536018C002614DF /* Resources */,
				8ECBA7CF1535F6F70009718E /* Frameworks */,
				8ECBA7CD1535F6F70009718E /* Products */,
			);
			sourceTree = "<group>";
		};
		8ECBA7CD1535F6F70009718E /* Products */ = {
			isa = PBXGroup;
			children = (
				8ECBA7CC1535F6F70009718E /* Shelby-tv.app */,
			);
			name = Products;
			sourceTree = "<group>";
		};
		8ECBA7CF1535F6F70009718E /* Frameworks */ = {
			isa = PBXGroup;
			children = (
				8E7F48051540B4690041118E /* Crashlytics.framework */,
				8E7F47B5154074180041118E /* Accounts.framework */,
				8ECBA7D41535F6F70009718E /* CoreGraphics.framework */,
				8ECBA7D21535F6F70009718E /* Foundation.framework */,
				8E7F47B71540741F0041118E /* QuartzCore.framework */,
				8E7F47B2154074130041118E /* Twitter.framework */,
				8ECBA7D01535F6F70009718E /* UIKit.framework */,
			);
			name = Frameworks;
			sourceTree = "<group>";
		};
		8ECBA7D61535F6F70009718E /* Shelby-tv */ = {
			isa = PBXGroup;
			children = (
				8ED311081536049D002614DF /* App Delegate */,
				8E664D551541B0C40071EC42 /* Constants */,
				8ED3110515360464002614DF /* Categories */,
				8ED311041536045F002614DF /* Models */,
				8ED311031536045A002614DF /* Views */,
				8ED3110215360450002614DF /* Controllers */,
				8ED3110615360475002614DF /* Third Party Libraries */,
				8ECBA7D71535F6F70009718E /* Supporting Files */,
			);
			path = "Shelby-tv";
			sourceTree = "<group>";
		};
		8ECBA7D71535F6F70009718E /* Supporting Files */ = {
			isa = PBXGroup;
			children = (
				8ECBA7D81535F6F70009718E /* Shelby-tv-Info.plist */,
				8ECBA7D91535F6F70009718E /* InfoPlist.strings */,
				8ECBA7DC1535F6F70009718E /* main.m */,
				8ECBA7DE1535F6F70009718E /* Shelby-tv-Prefix.pch */,
			);
			name = "Supporting Files";
			sourceTree = "<group>";
		};
		8ED310E81536018C002614DF /* Resources */ = {
			isa = PBXGroup;
			children = (
				8ED310EA153601A2002614DF /* Default-Landscape~ipad.png */,
				8ED310EB153601A2002614DF /* Default-Portrait~ipad.png */,
				8ED310EC153601A2002614DF /* Default.png */,
				8ED310ED153601A2002614DF /* Default@2x.png */,
				8ED310EE153601A2002614DF /* Icon-72.png */,
				8ED310EF153601A2002614DF /* Icon-iPad.png */,
				8ED310F0153601A2002614DF /* Icon-Small-50.png */,
				8ED310F1153601A2002614DF /* Icon-Small.png */,
				8ED310F2153601A2002614DF /* Icon-Small@2x.png */,
				8ED310F3153601A2002614DF /* Icon.png */,
				8ED310F4153601A2002614DF /* Icon@2x.png */,
				8ED310F5153601A2002614DF /* iTunesArtwork */,
			);
			name = Resources;
			sourceTree = "<group>";
		};
		8ED3110215360450002614DF /* Controllers */ = {
			isa = PBXGroup;
			children = (
				8E8124DB1540C07400E1EA4B /* Table View Managers */,
				8E664D521541B0120071EC42 /* LoginViewController.h */,
				8E664D531541B0120071EC42 /* LoginViewController.m */,
				8E8124D51540B92E00E1EA4B /* GuideTableViewController.h */,
				8E8124D61540B92E00E1EA4B /* GuideTableViewController.m */,
				8E6715A9154F17BB0059FC1A /* RollsTableViewController.h */,
				8E6715AA154F17BB0059FC1A /* RollsTableViewController.m */,
				8E671597154F0C3B0059FC1A /* YouTableViewController.h */,
				8E671598154F0C3B0059FC1A /* YouTableViewController.m */,
			);
			name = Controllers;
			sourceTree = "<group>";
		};
		8ED311031536045A002614DF /* Views */ = {
			isa = PBXGroup;
			children = (
				8ED3110715360490002614DF /* Xibs */,
			);
			name = Views;
			sourceTree = "<group>";
		};
		8ED311041536045F002614DF /* Models */ = {
			isa = PBXGroup;
			children = (
			);
			name = Models;
			sourceTree = "<group>";
		};
		8ED3110515360464002614DF /* Categories */ = {
			isa = PBXGroup;
			children = (
			);
			name = Categories;
			sourceTree = "<group>";
		};
		8ED3110615360475002614DF /* Third Party Libraries */ = {
			isa = PBXGroup;
			children = (
				8E7F47E6154093210041118E /* ASPullToRefresh */,
				8E7F47D1154092310041118E /* facebook-ios-sdk */,
				8E664DE51541FE490071EC42 /* OAuthConsumer */,
				8E7F47EA154093890041118E /* SocialFacade */,
			);
			name = "Third Party Libraries";
			sourceTree = "<group>";
		};
		8ED3110715360490002614DF /* Xibs */ = {
			isa = PBXGroup;
			children = (
				8E664D3F1541A66A0071EC42 /* LoginViewController_iPhone.xib */,
				8E664D411541A6770071EC42 /* LoginViewController_iPad.xib */,
				8E671591154F0B360059FC1A /* ShareViewControllerViewController.xib */,
			);
			name = Xibs;
			sourceTree = "<group>";
		};
		8ED311081536049D002614DF /* App Delegate */ = {
			isa = PBXGroup;
			children = (
				8ECBA7DF1535F6F70009718E /* AppDelegate.h */,
				8ECBA7E01535F6F70009718E /* AppDelegate.m */,
			);
			name = "App Delegate";
			sourceTree = "<group>";
		};
/* End PBXGroup section */

/* Begin PBXNativeTarget section */
		8ECBA7CB1535F6F70009718E /* Shelby-tv */ = {
			isa = PBXNativeTarget;
			buildConfigurationList = 8ECBA7ED1535F6F70009718E /* Build configuration list for PBXNativeTarget "Shelby-tv" */;
			buildPhases = (
				8ECBA7C81535F6F70009718E /* Sources */,
				8ECBA7C91535F6F70009718E /* Frameworks */,
				8ECBA7CA1535F6F70009718E /* Resources */,
				8E7F48041540B4580041118E /* ShellScript */,
			);
			buildRules = (
			);
			dependencies = (
			);
			name = "Shelby-tv";
			productName = "Shelby-tv";
			productReference = 8ECBA7CC1535F6F70009718E /* Shelby-tv.app */;
			productType = "com.apple.product-type.application";
		};
/* End PBXNativeTarget section */

/* Begin PBXProject section */
		8ECBA7C31535F6F70009718E /* Project object */ = {
			isa = PBXProject;
			attributes = {
				LastUpgradeCheck = 0430;
			};
			buildConfigurationList = 8ECBA7C61535F6F70009718E /* Build configuration list for PBXProject "Shelby-tv" */;
			compatibilityVersion = "Xcode 3.2";
			developmentRegion = English;
			hasScannedForEncodings = 0;
			knownRegions = (
				en,
				English,
			);
			mainGroup = 8ECBA7C11535F6F70009718E;
			productRefGroup = 8ECBA7CD1535F6F70009718E /* Products */;
			projectDirPath = "";
			projectRoot = "";
			targets = (
				8ECBA7CB1535F6F70009718E /* Shelby-tv */,
			);
		};
/* End PBXProject section */

/* Begin PBXResourcesBuildPhase section */
		8ECBA7CA1535F6F70009718E /* Resources */ = {
			isa = PBXResourcesBuildPhase;
			buildActionMask = 2147483647;
			files = (
				8ECBA7DB1535F6F70009718E /* InfoPlist.strings in Resources */,
				8ED310F6153601A2002614DF /* Default-Landscape~ipad.png in Resources */,
				8ED310F7153601A2002614DF /* Default-Portrait~ipad.png in Resources */,
				8ED310F8153601A2002614DF /* Default.png in Resources */,
				8ED310F9153601A2002614DF /* Default@2x.png in Resources */,
				8ED310FA153601A2002614DF /* Icon-72.png in Resources */,
				8ED310FB153601A2002614DF /* Icon-iPad.png in Resources */,
				8ED310FC153601A2002614DF /* Icon-Small-50.png in Resources */,
				8ED310FD153601A2002614DF /* Icon-Small.png in Resources */,
				8ED310FE153601A2002614DF /* Icon-Small@2x.png in Resources */,
				8ED310FF153601A2002614DF /* Icon.png in Resources */,
				8ED31100153601A2002614DF /* Icon@2x.png in Resources */,
				8ED31101153601A2002614DF /* iTunesArtwork in Resources */,
				8E7F47E1154092310041118E /* FBDialog.bundle in Resources */,
				8E8124F91540D41E00E1EA4B /* pullToRefreshArrow@2x.png in Resources */,
				8E664D401541A66A0071EC42 /* LoginViewController_iPhone.xib in Resources */,
				8E664D421541A6770071EC42 /* LoginViewController_iPad.xib in Resources */,
				8E664E111541FE490071EC42 /* .gitignore in Resources */,
				8E664E221541FE490071EC42 /* OATestServer.rb in Resources */,
				8E664E251541FE490071EC42 /* README in Resources */,
				8E671593154F0B360059FC1A /* ShareViewControllerViewController.xib in Resources */,
			);
			runOnlyForDeploymentPostprocessing = 0;
		};
/* End PBXResourcesBuildPhase section */

/* Begin PBXShellScriptBuildPhase section */
		8E7F48041540B4580041118E /* ShellScript */ = {
			isa = PBXShellScriptBuildPhase;
			buildActionMask = 2147483647;
			files = (
			);
			inputPaths = (
			);
			outputPaths = (
			);
			runOnlyForDeploymentPostprocessing = 0;
			shellPath = /bin/sh;
			shellScript = "./Crashlytics.framework/run 84a79b7ee6f2eca13877cd17b9b9a290790f99aa";
		};
/* End PBXShellScriptBuildPhase section */

/* Begin PBXSourcesBuildPhase section */
		8ECBA7C81535F6F70009718E /* Sources */ = {
			isa = PBXSourcesBuildPhase;
			buildActionMask = 2147483647;
			files = (
				8ECBA7DD1535F6F70009718E /* main.m in Sources */,
				8ECBA7E11535F6F70009718E /* AppDelegate.m in Sources */,
				8E7F47E51540931D0041118E /* ASPullToRefreshTableViewController.m in Sources */,
				8E7F47E9154093850041118E /* SocialFacade.m in Sources */,
				8E8124D71540B92E00E1EA4B /* GuideTableViewController.m in Sources */,
				8E8124E51540C1BA00E1EA4B /* SavesTableViewManager.m in Sources */,
				8E8124E81540C1C800E1EA4B /* SearchTableViewManager.m in Sources */,
				8E8124F31540C2E800E1EA4B /* GuideTableViewManager.m in Sources */,
				8E664D541541B0120071EC42 /* LoginViewController.m in Sources */,
				8E664E121541FE490071EC42 /* NSMutableURLRequest+Parameters.m in Sources */,
				8E664E131541FE490071EC42 /* NSString+URLEncoding.m in Sources */,
				8E664E141541FE490071EC42 /* NSURL+Base.m in Sources */,
				8E664E151541FE490071EC42 /* Base64Transcoder.c in Sources */,
				8E664E161541FE490071EC42 /* hmac.c in Sources */,
				8E664E171541FE490071EC42 /* sha1.c in Sources */,
				8E664E181541FE490071EC42 /* OAAttachment.m in Sources */,
				8E664E191541FE490071EC42 /* OACall.m in Sources */,
				8E664E1A1541FE490071EC42 /* OAConsumer.m in Sources */,
				8E664E1B1541FE490071EC42 /* OADataFetcher.m in Sources */,
				8E664E1C1541FE490071EC42 /* OAHMAC_SHA1SignatureProvider.m in Sources */,
				8E664E1D1541FE490071EC42 /* OAMutableURLRequest.m in Sources */,
				8E664E1E1541FE490071EC42 /* OAPlaintextSignatureProvider.m in Sources */,
				8E664E1F1541FE490071EC42 /* OAProblem.m in Sources */,
				8E664E201541FE490071EC42 /* OARequestParameter.m in Sources */,
				8E664E211541FE490071EC42 /* OAServiceTicket.m in Sources */,
				8E664E231541FE490071EC42 /* OAToken.m in Sources */,
				8E664E241541FE490071EC42 /* OATokenManager.m in Sources */,
				8EAA320F154EF239003FC586 /* PeopleRollsTableViewManager.m in Sources */,
				8EAA3212154EF271003FC586 /* PopularRollsTableViewManager.m in Sources */,
				8E67158D154EF3540059FC1A /* YourRollsTableViewManager.m in Sources */,
				8E671592154F0B360059FC1A /* ShareViewController.m in Sources */,
				8E671596154F0B9E0059FC1A /* StreamTableViewManager.m in Sources */,
				8E671599154F0C3B0059FC1A /* YouTableViewController.m in Sources */,
				8E6715AC154F17BB0059FC1A /* RollsTableViewController.m in Sources */,
			);
			runOnlyForDeploymentPostprocessing = 0;
		};
/* End PBXSourcesBuildPhase section */

/* Begin PBXVariantGroup section */
		8ECBA7D91535F6F70009718E /* InfoPlist.strings */ = {
			isa = PBXVariantGroup;
			children = (
				8ECBA7DA1535F6F70009718E /* en */,
			);
			name = InfoPlist.strings;
			sourceTree = "<group>";
		};
/* End PBXVariantGroup section */

/* Begin XCBuildConfiguration section */
		8ECBA7EB1535F6F70009718E /* Debug */ = {
			isa = XCBuildConfiguration;
			buildSettings = {
				ALWAYS_SEARCH_USER_PATHS = NO;
				ARCHS = "$(ARCHS_STANDARD_32_BIT)";
				CLANG_ENABLE_OBJC_ARC = YES;
				"CODE_SIGN_IDENTITY[sdk=iphoneos*]" = "iPhone Developer";
				COPY_PHASE_STRIP = NO;
				GCC_C_LANGUAGE_STANDARD = gnu99;
				GCC_DYNAMIC_NO_PIC = NO;
				GCC_OPTIMIZATION_LEVEL = 0;
				GCC_PREPROCESSOR_DEFINITIONS = (
					"DEBUG=1",
					"$(inherited)",
				);
				GCC_SYMBOLS_PRIVATE_EXTERN = NO;
				GCC_VERSION = com.apple.compilers.llvm.clang.1_0;
				GCC_WARN_ABOUT_RETURN_TYPE = YES;
				GCC_WARN_UNINITIALIZED_AUTOS = YES;
				GCC_WARN_UNUSED_VARIABLE = YES;
				IPHONEOS_DEPLOYMENT_TARGET = 5.0;
				SDKROOT = iphoneos;
				TARGETED_DEVICE_FAMILY = "1,2";
			};
			name = Debug;
		};
		8ECBA7EC1535F6F70009718E /* Release */ = {
			isa = XCBuildConfiguration;
			buildSettings = {
				ALWAYS_SEARCH_USER_PATHS = NO;
				ARCHS = "$(ARCHS_STANDARD_32_BIT)";
				CLANG_ENABLE_OBJC_ARC = YES;
				"CODE_SIGN_IDENTITY[sdk=iphoneos*]" = "iPhone Developer";
				COPY_PHASE_STRIP = YES;
				GCC_C_LANGUAGE_STANDARD = gnu99;
				GCC_VERSION = com.apple.compilers.llvm.clang.1_0;
				GCC_WARN_ABOUT_RETURN_TYPE = YES;
				GCC_WARN_UNINITIALIZED_AUTOS = YES;
				GCC_WARN_UNUSED_VARIABLE = YES;
				IPHONEOS_DEPLOYMENT_TARGET = 5.0;
				OTHER_CFLAGS = "-DNS_BLOCK_ASSERTIONS=1";
				SDKROOT = iphoneos;
				TARGETED_DEVICE_FAMILY = "1,2";
				VALIDATE_PRODUCT = YES;
			};
			name = Release;
		};
		8ECBA7EE1535F6F70009718E /* Debug */ = {
			isa = XCBuildConfiguration;
			buildSettings = {
				CODE_SIGN_IDENTITY = "iPhone Developer";
				FRAMEWORK_SEARCH_PATHS = (
					"$(inherited)",
					"\"$(SRCROOT)\"",
				);
				GCC_PRECOMPILE_PREFIX_HEADER = YES;
				GCC_PREFIX_HEADER = "Shelby-tv/Shelby-tv-Prefix.pch";
				INFOPLIST_FILE = "Shelby-tv/Shelby-tv-Info.plist";
				IPHONEOS_DEPLOYMENT_TARGET = 5.0;
				LIBRARY_SEARCH_PATHS = (
					"$(inherited)",
					"\"$(SRCROOT)/library/facebook-ios-sdk/lib/facebook-ios-sdk\"",
				);
				PRODUCT_NAME = "$(TARGET_NAME)";
				PROVISIONING_PROFILE = "";
				WRAPPER_EXTENSION = app;
			};
			name = Debug;
		};
		8ECBA7EF1535F6F70009718E /* Release */ = {
			isa = XCBuildConfiguration;
			buildSettings = {
				CODE_SIGN_IDENTITY = "iPhone Developer";
				"CODE_SIGN_IDENTITY[sdk=iphoneos*]" = "iPhone Developer";
				FRAMEWORK_SEARCH_PATHS = (
					"$(inherited)",
					"\"$(SRCROOT)\"",
				);
				GCC_PRECOMPILE_PREFIX_HEADER = YES;
				GCC_PREFIX_HEADER = "Shelby-tv/Shelby-tv-Prefix.pch";
				INFOPLIST_FILE = "Shelby-tv/Shelby-tv-Info.plist";
				IPHONEOS_DEPLOYMENT_TARGET = 5.0;
				LIBRARY_SEARCH_PATHS = (
					"$(inherited)",
					"\"$(SRCROOT)/library/facebook-ios-sdk/lib/facebook-ios-sdk\"",
				);
				PRODUCT_NAME = "$(TARGET_NAME)";
				PROVISIONING_PROFILE = "";
				"PROVISIONING_PROFILE[sdk=iphoneos*]" = "";
				WRAPPER_EXTENSION = app;
			};
			name = Release;
		};
/* End XCBuildConfiguration section */

/* Begin XCConfigurationList section */
		8ECBA7C61535F6F70009718E /* Build configuration list for PBXProject "Shelby-tv" */ = {
			isa = XCConfigurationList;
			buildConfigurations = (
				8ECBA7EB1535F6F70009718E /* Debug */,
				8ECBA7EC1535F6F70009718E /* Release */,
			);
			defaultConfigurationIsVisible = 0;
			defaultConfigurationName = Release;
		};
		8ECBA7ED1535F6F70009718E /* Build configuration list for PBXNativeTarget "Shelby-tv" */ = {
			isa = XCConfigurationList;
			buildConfigurations = (
				8ECBA7EE1535F6F70009718E /* Debug */,
				8ECBA7EF1535F6F70009718E /* Release */,
			);
			defaultConfigurationIsVisible = 0;
			defaultConfigurationName = Release;
		};
/* End XCConfigurationList section */
	};
	rootObject = 8ECBA7C31535F6F70009718E /* Project object */;
}
